{
  "lockfileVersion": 1,
  "configVersion": 1,
  "workspaces": {
    "": {
      "name": "justjs",
    },
    "aop/analytics/scm/main": {
      "name": "@justjs/aop-analytics",
      "version": "0.1.0",
      "dependencies": {
        "@justjs/application": "workspace:*",
      },
      "devDependencies": {
        "typescript": "^5.5.0",
      },
    },
    "aop/flags/scm/main": {
      "name": "@justjs/aop-flags",
      "version": "0.1.0",
      "dependencies": {
        "@justjs/application": "workspace:*",
      },
      "devDependencies": {
        "typescript": "^5.5.0",
      },
    },
    "aop/i18n/scm/main": {
      "name": "@justjs/aop-i18n",
      "version": "0.1.0",
      "dependencies": {
        "@justjs/application": "workspace:*",
      },
      "devDependencies": {
        "typescript": "^5.5.0",
      },
    },
    "aop/observability/scm/main": {
      "name": "@justjs/aop-observability",
      "version": "0.1.0",
      "dependencies": {
        "@justjs/application": "workspace:*",
      },
      "devDependencies": {
        "typescript": "^5.5.0",
      },
    },
    "aop/security/scm/main": {
      "name": "@justjs/aop-security",
      "version": "0.1.0",
      "dependencies": {
        "@justjs/application": "workspace:*",
      },
      "devDependencies": {
        "typescript": "^5.5.0",
      },
    },
    "aop/theming/scm/main": {
      "name": "@justjs/aop-theming",
      "version": "0.1.0",
      "dependencies": {
        "@justjs/application": "workspace:*",
      },
      "devDependencies": {
        "typescript": "^5.5.0",
      },
    },
    "application/scm/main": {
      "name": "@justjs/application",
      "version": "0.1.0",
      "dependencies": {
        "@justjs/data": "workspace:*",
        "@justjs/transport": "workspace:*",
      },
      "devDependencies": {
        "typescript": "^5.5.0",
      },
    },
    "data/scm/main": {
      "name": "@justjs/data",
      "version": "0.1.0",
      "dependencies": {
        "@preact/signals-core": "^1.8.0",
      },
      "devDependencies": {
        "typescript": "^5.5.0",
      },
    },
    "justscript/scm/main": {
      "name": "@justscript/core",
      "version": "0.1.0",
      "devDependencies": {
        "typescript": "^5.5.0",
      },
    },
    "measurement/scm/main": {
      "name": "@justscript/measurement",
      "version": "0.1.0",
      "dependencies": {
        "@justscript/core": "workspace:*",
      },
      "devDependencies": {
        "typescript": "^5.5.0",
      },
    },
    "network/scm/main": {
      "name": "@justjs/network",
      "version": "0.1.0",
      "devDependencies": {
        "typescript": "^5.5.0",
      },
    },
    "platform/desktop/scm/main": {
      "name": "@justjs/platform-desktop",
      "version": "0.1.0",
      "dependencies": {
        "@justjs/application": "workspace:*",
      },
      "devDependencies": {
        "typescript": "^5.5.0",
      },
    },
    "platform/mobile/scm/main": {
      "name": "@justjs/platform-mobile",
      "version": "0.1.0",
      "dependencies": {
        "@justjs/application": "workspace:*",
      },
      "devDependencies": {
        "typescript": "^5.5.0",
      },
    },
    "platform/native/scm/main": {
      "name": "@justjs/platform-native",
      "version": "0.1.0",
      "dependencies": {
        "@justjs/application": "workspace:*",
      },
      "devDependencies": {
        "typescript": "^5.5.0",
      },
    },
    "tooling/ssr/scm/main": {
      "name": "@justjs/ssr",
      "version": "0.1.0",
      "dependencies": {
        "@justjs/application": "workspace:*",
      },
      "devDependencies": {
        "@types/node": "^20.10.0",
        "typescript": "^5.5.0",
      },
    },
    "tooling/vite/scm/main": {
      "name": "@justjs/vite",
      "version": "0.1.0",
      "dependencies": {
        "@justjs/application": "workspace:*",
      },
      "devDependencies": {
        "@types/node": "^20.10.0",
        "typescript": "^5.5.0",
      },
    },
    "transport/scm/main": {
      "name": "@justjs/transport",
      "version": "0.1.0",
      "dependencies": {
        "@justjs/network": "workspace:*",
      },
      "devDependencies": {
        "typescript": "^5.5.0",
      },
    },
  },
  "packages": {
    "@justjs/aop-analytics": ["@justjs/aop-analytics@workspace:aop/analytics/scm/main"],

    "@justjs/aop-flags": ["@justjs/aop-flags@workspace:aop/flags/scm/main"],

    "@justjs/aop-i18n": ["@justjs/aop-i18n@workspace:aop/i18n/scm/main"],

    "@justjs/aop-observability": ["@justjs/aop-observability@workspace:aop/observability/scm/main"],

    "@justjs/aop-security": ["@justjs/aop-security@workspace:aop/security/scm/main"],

    "@justjs/aop-theming": ["@justjs/aop-theming@workspace:aop/theming/scm/main"],

    "@justjs/application": ["@justjs/application@workspace:application/scm/main"],

    "@justjs/data": ["@justjs/data@workspace:data/scm/main"],

    "@justjs/network": ["@justjs/network@workspace:network/scm/main"],

    "@justjs/platform-desktop": ["@justjs/platform-desktop@workspace:platform/desktop/scm/main"],

    "@justjs/platform-mobile": ["@justjs/platform-mobile@workspace:platform/mobile/scm/main"],

    "@justjs/platform-native": ["@justjs/platform-native@workspace:platform/native/scm/main"],

    "@justjs/ssr": ["@justjs/ssr@workspace:tooling/ssr/scm/main"],

    "@justjs/transport": ["@justjs/transport@workspace:transport/scm/main"],

    "@justjs/vite": ["@justjs/vite@workspace:tooling/vite/scm/main"],

    "@justscript/core": ["@justscript/core@workspace:justscript/scm/main"],

    "@justscript/measurement": ["@justscript/measurement@workspace:measurement/scm/main"],

    "@preact/signals-core": ["@preact/signals-core@1.14.3", "", {}, "sha512-m0K3vnbSLC5rHs2ZVfeAMvBtT1zIyq4mxx5OlNncSgMj5Iz6W5Rn3kPrDxAC+iIKmiVe0lSl6U37t5ZkEWoVAw=="],

    "@types/node": ["@types/node@20.19.43", "", { "dependencies": { "undici-types": "~6.21.0" } }, "sha512-6oYBAi5ikg4Pl+kGsoYtawUMBT2zZMCvPNF7pVLnHZfd1zf38DRiWn/gT01RYCdUqkv7Fhr+C9ot4/tb+2sVvA=="],

    "typescript": ["typescript@5.9.3", "", { "bin": { "tsc": "bin/tsc", "tsserver": "bin/tsserver" } }, "sha512-jl1vZzPDinLr9eUt3J/t7V6FgNEw9QjvBPdysz9KfQDD41fQrC2Y4vKQdiaUpFT4bXlb1RHhLpp8wtm6M5TgSw=="],

    "undici-types": ["undici-types@6.21.0", "", {}, "sha512-iwDZqg0QAGrg9Rav5H4n0M64c3mkR59cJ6wQp+7C4nI0gsmExaedaYLNO44eT4AtBBwjbTiGPMlt2Md0T9H9JQ=="],
  }
}
